
Microsoft Visual Studio Solution File, Format Version 12.00
# Visual Studio for Mac
Project("{FAE04EC0-301F-11D3-BF4B-00C04F79EFBC}") = "AR Car Show Presentation", "AR Car Show Presentation.csproj", "{39F736F8-895D-759A-388B-A1139831D037}"
EndProject
Project("{FAE04EC0-301F-11D3-BF4B-00C04F79EFBC}") = "AR Car Show Presentation.Plugins", "AR Car Show Presentation.Plugins.csproj", "{482BA472-C8BD-6556-60B1-A3847EF8103A}"
EndProject
Project("{FAE04EC0-301F-11D3-BF4B-00C04F79EFBC}") = "AR Car Show Presentation.Editor", "AR Car Show Presentation.Editor.csproj", "{C5FFC738-2573-1487-644C-1DE6B4A00F7E}"
EndProject
Global
	GlobalSection(SolutionConfigurationPlatforms) = preSolution
		Debug|Any CPU = Debug|Any CPU
		Release|Any CPU = Release|Any CPU
	EndGlobalSection
	GlobalSection(ProjectConfigurationPlatforms) = postSolution
		{39F736F8-895D-759A-388B-A1139831D037}.Debug|Any CPU.ActiveCfg = Debug|Any CPU
		{39F736F8-895D-759A-388B-A1139831D037}.Debug|Any CPU.Build.0 = Debug|Any CPU
		{39F736F8-895D-759A-388B-A1139831D037}.Release|Any CPU.ActiveCfg = Release|Any CPU
		{39F736F8-895D-759A-388B-A1139831D037}.Release|Any CPU.Build.0 = Release|Any CPU
		{482BA472-C8BD-6556-60B1-A3847EF8103A}.Debug|Any CPU.ActiveCfg = Debug|Any CPU
		{482BA472-C8BD-6556-60B1-A3847EF8103A}.Debug|Any CPU.Build.0 = Debug|Any CPU
		{482BA472-C8BD-6556-60B1-A3847EF8103A}.Release|Any CPU.ActiveCfg = Release|Any CPU
		{482BA472-C8BD-6556-60B1-A3847EF8103A}.Release|Any CPU.Build.0 = Release|Any CPU
		{C5FFC738-2573-1487-644C-1DE6B4A00F7E}.Debug|Any CPU.ActiveCfg = Debug|Any CPU
		{C5FFC738-2573-1487-644C-1DE6B4A00F7E}.Debug|Any CPU.Build.0 = Debug|Any CPU
		{C5FFC738-2573-1487-644C-1DE6B4A00F7E}.Release|Any CPU.ActiveCfg = Release|Any CPU
		{C5FFC738-2573-1487-644C-1DE6B4A00F7E}.Release|Any CPU.Build.0 = Release|Any CPU
	EndGlobalSection
	GlobalSection(SolutionProperties) = preSolution
		HideSolutionNode = FALSE
	EndGlobalSection
	GlobalSection(MonoDevelopProperties) = preSolution
		StartupItem = Assembly-CSharp.csproj
	EndGlobalSection
EndGlobal
